// !$*UTF8*$!
{
	archiveVersion = 1;
	classes = {
	};
	objectVersion = 56;
	objects = {

/* Begin PBXBuildFile section */
		50FDE6B12B35179E0036AAD3 /* API_swiftApp.swift in Sources */ = {isa = PBXBuildFile; fileRef = 50FDE6B02B35179E0036AAD3 /* API_swiftApp.swift */; };
		50FDE6B32B35179E0036AAD3 /* ContentView.swift in Sources */ = {isa = PBXBuildFile; fileRef = 50FDE6B22B35179E0036AAD3 /* ContentView.swift */; };
		50FDE6B52B3517A20036AAD3 /* Assets.xcassets in Resources */ = {isa = PBXBuildFile; fileRef = 50FDE6B42B3517A20036AAD3 /* Assets.xcassets */; };
		50FDE6B92B3517A20036AAD3 /* Preview Assets.xcassets in Resources */ = {isa = PBXBuildFile; fileRef = 50FDE6B82B3517A20036AAD3 /* Preview Assets.xcassets */; };
		50FDE6C32B3517A30036AAD3 /* API_swiftTests.swift in Sources */ = {isa = PBXBuildFile; fileRef = 50FDE6C22B3517A30036AAD3 /* API_swiftTests.swift */; };
		50FDE6CD2B3517A30036AAD3 /* API_swiftUITests.swift in Sources */ = {isa = PBXBuildFile; fileRef = 50FDE6CC2B3517A30036AAD3 /* API_swiftUITests.swift */; };
		50FDE6CF2B3517A30036AAD3 /* API_swiftUITestsLaunchTests.swift in Sources */ = {isa = PBXBuildFile; fileRef = 50FDE6CE2B3517A30036AAD3 /* API_swiftUITestsLaunchTests.swift */; };
/* End PBXBuildFile section */

/* Begin PBXContainerItemProxy section */
		50FDE6BF2B3517A30036AAD3 /* PBXContainerItemProxy */ = {
			isa = PBXContainerItemProxy;
			containerPortal = 50FDE6A52B35179E0036AAD3 /* Project object */;
			proxyType = 1;
			remoteGlobalIDString = 50FDE6AC2B35179E0036AAD3;
			remoteInfo = "API-swift";
		};
		50FDE6C92B3517A30036AAD3 /* PBXContainerItemProxy */ = {
			isa = PBXContainerItemProxy;
			containerPortal = 50FDE6A52B35179E0036AAD3 /* Project object */;
			proxyType = 1;
			remoteGlobalIDString = 50FDE6AC2B35179E0036AAD3;
			remoteInfo = "API-swift";
		};
/* End PBXContainerItemProxy section */

/* Begin PBXFileReference section */
		50FDE6AD2B35179E0036AAD3 /* API-swift.app */ = {isa = PBXFileReference; explicitFileType = wrapper.application; includeInIndex = 0; path = "API-swift.app"; sourceTree = BUILT_PRODUCTS_DIR; };
		50FDE6B02B35179E0036AAD3 /* API_swiftApp.swift */ = {isa = PBXFileReference; lastKnownFileType = sourcecode.swift; path = API_swiftApp.swift; sourceTree = "<group>"; };
		50FDE6B22B35179E0036AAD3 /* ContentView.swift */ = {isa = PBXFileReference; lastKnownFileType = sourcecode.swift; path = ContentView.swift; sourceTree = "<group>"; };
		50FDE6B42B3517A20036AAD3 /* Assets.xcassets */ = {isa = PBXFileReference; lastKnownFileType = folder.assetcatalog; path = Assets.xcassets; sourceTree = "<group>"; };
		50FDE6B62B3517A20036AAD3 /* API_swift.entitlements */ = {isa = PBXFileReference; lastKnownFileType = text.plist.entitlements; path = API_swift.entitlements; sourceTree = "<group>"; };
		50FDE6B82B3517A20036AAD3 /* Preview Assets.xcassets */ = {isa = PBXFileReference; lastKnownFileType = folder.assetcatalog; path = "Preview Assets.xcassets"; sourceTree = "<group>"; };
		50FDE6BE2B3517A30036AAD3 /* API-swiftTests.xctest */ = {isa = PBXFileReference; explicitFileType = wrapper.cfbundle; includeInIndex = 0; path = "API-swiftTests.xctest"; sourceTree = BUILT_PRODUCTS_DIR; };
		50FDE6C22B3517A30036AAD3 /* API_swiftTests.swift */ = {isa = PBXFileReference; lastKnownFileType = sourcecode.swift; path = API_swiftTests.swift; sourceTree = "<group>"; };
		50FDE6C82B3517A30036AAD3 /* API-swiftUITests.xctest */ = {isa = PBXFileReference; explicitFileType = wrapper.cfbundle; includeInIndex = 0; path = "API-swiftUITests.xctest"; sourceTree = BUILT_PRODUCTS_DIR; };
		50FDE6CC2B3517A30036AAD3 /* API_swiftUITests.swift */ = {isa = PBXFileReference; lastKnownFileType = sourcecode.swift; path = API_swiftUITests.swift; sourceTree = "<group>"; };
		50FDE6CE2B3517A30036AAD3 /* API_swiftUITestsLaunchTests.swift */ = {isa = PBXFileReference; lastKnownFileType = sourcecode.swift; path = API_swiftUITestsLaunchTests.swift; sourceTree = "<group>"; };
/* End PBXFileReference section */

/* Begin PBXFrameworksBuildPhase section */
		50FDE6AA2B35179E0036AAD3 /* Frameworks */ = {
			isa = PBXFrameworksBuildPhase;
			buildActionMask = 2147483647;
			files = (
			);
			runOnlyForDeploymentPostprocessing = 0;
		};
		50FDE6BB2B3517A30036AAD3 /* Frameworks */ = {
			isa = PBXFrameworksBuildPhase;
			buildActionMask = 2147483647;
			files = (
			);
			runOnlyForDeploymentPostprocessing = 0;
		};
		50FDE6C52B3517A30036AAD3 /* Frameworks */ = {
			isa = PBXFrameworksBuildPhase;
			buildActionMask = 2147483647;
			files = (
			);
			runOnlyForDeploymentPostprocessing = 0;
		};
/* End PBXFrameworksBuildPhase section */

/* Begin PBXGroup section */
		50FDE6A42B35179E0036AAD3 = {
			isa = PBXGroup;
			children = (
				50FDE6AF2B35179E0036AAD3 /* API-swift */,
				50FDE6C12B3517A30036AAD3 /* API-swiftTests */,
				50FDE6CB2B3517A30036AAD3 /* API-swiftUITests */,
				50FDE6AE2B35179E0036AAD3 /* Products */,
			);
			sourceTree = "<group>";
		};
		50FDE6AE2B35179E0036AAD3 /* Products */ = {
			isa = PBXGroup;
			children = (
				50FDE6AD2B35179E0036AAD3 /* API-swift.app */,
				50FDE6BE2B3517A30036AAD3 /* API-swiftTests.xctest */,
				50FDE6C82B3517A30036AAD3 /* API-swiftUITests.xctest */,
			);
			name = Products;
			sourceTree = "<group>";
		};
		50FDE6AF2B35179E0036AAD3 /* API-swift */ = {
			isa = PBXGroup;
			children = (
				50FDE6B02B35179E0036AAD3 /* API_swiftApp.swift */,
				50FDE6B22B35179E0036AAD3 /* ContentView.swift */,
				50FDE6B42B3517A20036AAD3 /* Assets.xcassets */,
				50FDE6B62B3517A20036AAD3 /* API_swift.entitlements */,
				50FDE6B72B3517A20036AAD3 /* Preview Content */,
			);
			path = "API-swift";
			sourceTree = "<group>";
		};
		50FDE6B72B3517A20036AAD3 /* Preview Content */ = {
			isa = PBXGroup;
			children = (
				50FDE6B82B3517A20036AAD3 /* Preview Assets.xcassets */,
			);
			path = "Preview Content";
			sourceTree = "<group>";
		};
		50FDE6C12B3517A30036AAD3 /* API-swiftTests */ = {
			isa = PBXGroup;
			children = (
				50FDE6C22B3517A30036AAD3 /* API_swiftTests.swift */,
			);
			path = "API-swiftTests";
			sourceTree = "<group>";
		};
		50FDE6CB2B3517A30036AAD3 /* API-swiftUITests */ = {
			isa = PBXGroup;
			children = (
				50FDE6CC2B3517A30036AAD3 /* API_swiftUITests.swift */,
				50FDE6CE2B3517A30036AAD3 /* API_swiftUITestsLaunchTests.swift */,
			);
			path = "API-swiftUITests";
			sourceTree = "<group>";
		};
/* End PBXGroup section */

/* Begin PBXNativeTarget section */
		50FDE6AC2B35179E0036AAD3 /* API-swift */ = {
			isa = PBXNativeTarget;
			buildConfigurationList = 50FDE6D22B3517A30036AAD3 /* Build configuration list for PBXNativeTarget "API-swift" */;
			buildPhases = (
				50FDE6A92B35179E0036AAD3 /* Sources */,
				50FDE6AA2B35179E0036AAD3 /* Frameworks */,
				50FDE6AB2B35179E0036AAD3 /* Resources */,
			);
			buildRules = (
			);
			dependencies = (
			);
			name = "API-swift";
			productName = "API-swift";
			productReference = 50FDE6AD2B35179E0036AAD3 /* API-swift.app */;
			productType = "com.apple.product-type.application";
		};
		50FDE6BD2B3517A30036AAD3 /* API-swiftTests */ = {
			isa = PBXNativeTarget;
			buildConfigurationList = 50FDE6D52B3517A30036AAD3 /* Build configuration list for PBXNativeTarget "API-swiftTests" */;
			buildPhases = (
				50FDE6BA2B3517A30036AAD3 /* Sources */,
				50FDE6BB2B3517A30036AAD3 /* Frameworks */,
				50FDE6BC2B3517A30036AAD3 /* Resources */,
			);
			buildRules = (
			);
			dependencies = (
				50FDE6C02B3517A30036AAD3 /* PBXTargetDependency */,
			);
			name = "API-swiftTests";
			productName = "API-swiftTests";
			productReference = 50FDE6BE2B3517A30036AAD3 /* API-swiftTests.xctest */;
			productType = "com.apple.product-type.bundle.unit-test";
		};
		50FDE6C72B3517A30036AAD3 /* API-swiftUITests */ = {
			isa = PBXNativeTarget;
			buildConfigurationList = 50FDE6D82B3517A30036AAD3 /* Build configuration list for PBXNativeTarget "API-swiftUITests" */;
			buildPhases = (
				50FDE6C42B3517A30036AAD3 /* Sources */,
				50FDE6C52B3517A30036AAD3 /* Frameworks */,
				50FDE6C62B3517A30036AAD3 /* Resources */,
			);
			buildRules = (
			);
			dependencies = (
				50FDE6CA2B3517A30036AAD3 /* PBXTargetDependency */,
			);
			name = "API-swiftUITests";
			productName = "API-swiftUITests";
			productReference = 50FDE6C82B3517A30036AAD3 /* API-swiftUITests.xctest */;
			productType = "com.apple.product-type.bundle.ui-testing";
		};
/* End PBXNativeTarget section */

/* Begin PBXProject section */
		50FDE6A52B35179E0036AAD3 /* Project object */ = {
			isa = PBXProject;
			attributes = {
				BuildIndependentTargetsInParallel = 1;
				LastSwiftUpdateCheck = 1510;
				LastUpgradeCheck = 1510;
				TargetAttributes = {
					50FDE6AC2B35179E0036AAD3 = {
						CreatedOnToolsVersion = 15.1;
					};
					50FDE6BD2B3517A30036AAD3 = {
						CreatedOnToolsVersion = 15.1;
						TestTargetID = 50FDE6AC2B35179E0036AAD3;
					};
					50FDE6C72B3517A30036AAD3 = {
						CreatedOnToolsVersion = 15.1;
						TestTargetID = 50FDE6AC2B35179E0036AAD3;
					};
				};
			};
			buildConfigurationList = 50FDE6A82B35179E0036AAD3 /* Build configuration list for PBXProject "API-swift" */;
			compatibilityVersion = "Xcode 14.0";
			developmentRegion = en;
			hasScannedForEncodings = 0;
			knownRegions = (
				en,
				Base,
			);
			mainGroup = 50FDE6A42B35179E0036AAD3;
			productRefGroup = 50FDE6AE2B35179E0036AAD3 /* Products */;
			projectDirPath = "";
			projectRoot = "";
			targets = (
				50FDE6AC2B35179E0036AAD3 /* API-swift */,
				50FDE6BD2B3517A30036AAD3 /* API-swiftTests */,
				50FDE6C72B3517A30036AAD3 /* API-swiftUITests */,
			);
		};
/* End PBXProject section */

/* Begin PBXResourcesBuildPhase section */
		50FDE6AB2B35179E0036AAD3 /* Resources */ = {
			isa = PBXResourcesBuildPhase;
			buildActionMask = 2147483647;
			files = (
				50FDE6B92B3517A20036AAD3 /* Preview Assets.xcassets in Resources */,
				50FDE6B52B3517A20036AAD3 /* Assets.xcassets in Resources */,
			);
			runOnlyForDeploymentPostprocessing = 0;
		};
		50FDE6BC2B3517A30036AAD3 /* Resources */ = {
			isa = PBXResourcesBuildPhase;
			buildActionMask = 2147483647;
			files = (
			);
			runOnlyForDeploymentPostprocessing = 0;
		};
		50FDE6C62B3517A30036AAD3 /* Resources */ = {
			isa = PBXResourcesBuildPhase;
			buildActionMask = 2147483647;
			files = (
			);
			runOnlyForDeploymentPostprocessing = 0;
		};
/* End PBXResourcesBuildPhase section */

/* Begin PBXSourcesBuildPhase section */
		50FDE6A92B35179E0036AAD3 /* Sources */ = {
			isa = PBXSourcesBuildPhase;
			buildActionMask = 2147483647;
			files = (
				50FDE6B32B35179E0036AAD3 /* ContentView.swift in Sources */,
				50FDE6B12B35179E0036AAD3 /* API_swiftApp.swift in Sources */,
			);
			runOnlyForDeploymentPostprocessing = 0;
		};
		50FDE6BA2B3517A30036AAD3 /* Sources */ = {
			isa = PBXSourcesBuildPhase;
			buildActionMask = 2147483647;
			files = (
				50FDE6C32B3517A30036AAD3 /* API_swiftTests.swift in Sources */,
			);
			runOnlyForDeploymentPostprocessing = 0;
		};
		50FDE6C42B3517A30036AAD3 /* Sources */ = {
			isa = PBXSourcesBuildPhase;
			buildActionMask = 2147483647;
			files = (
				50FDE6CD2B3517A30036AAD3 /* API_swiftUITests.swift in Sources */,
				50FDE6CF2B3517A30036AAD3 /* API_swiftUITestsLaunchTests.swift in Sources */,
			);
			runOnlyForDeploymentPostprocessing = 0;
		};
/* End PBXSourcesBuildPhase section */

/* Begin PBXTargetDependency section */
		50FDE6C02B3517A30036AAD3 /* PBXTargetDependency */ = {
			isa = PBXTargetDependency;
			target = 50FDE6AC2B35179E0036AAD3 /* API-swift */;
			targetProxy = 50FDE6BF2B3517A30036AAD3 /* PBXContainerItemProxy */;
		};
		50FDE6CA2B3517A30036AAD3 /* PBXTargetDependency */ = {
			isa = PBXTargetDependency;
			target = 50FDE6AC2B35179E0036AAD3 /* API-swift */;
			targetProxy = 50FDE6C92B3517A30036AAD3 /* PBXContainerItemProxy */;
		};
/* End PBXTargetDependency section */

/* Begin XCBuildConfiguration section */
		50FDE6D02B3517A30036AAD3 /* Debug */ = {
			isa = XCBuildConfiguration;
			buildSettings = {
				ALWAYS_SEARCH_USER_PATHS = NO;
				ASSETCATALOG_COMPILER_GENERATE_SWIFT_ASSET_SYMBOL_EXTENSIONS = YES;
				CLANG_ANALYZER_NONNULL = YES;
				CLANG_ANALYZER_NUMBER_OBJECT_CONVERSION = YES_AGGRESSIVE;
				CLANG_CXX_LANGUAGE_STANDARD = "gnu++20";
				CLANG_ENABLE_MODULES = YES;
				CLANG_ENABLE_OBJC_ARC = YES;
				CLANG_ENABLE_OBJC_WEAK = YES;
				CLANG_WARN_BLOCK_CAPTURE_AUTORELEASING = YES;
				CLANG_WARN_BOOL_CONVERSION = YES;
				CLANG_WARN_COMMA = YES;
				CLANG_WARN_CONSTANT_CONVERSION = YES;
				CLANG_WARN_DEPRECATED_OBJC_IMPLEMENTATIONS = YES;
				CLANG_WARN_DIRECT_OBJC_ISA_USAGE = YES_ERROR;
				CLANG_WARN_DOCUMENTATION_COMMENTS = YES;
				CLANG_WARN_EMPTY_BODY = YES;
				CLANG_WARN_ENUM_CONVERSION = YES;
				CLANG_WARN_INFINITE_RECURSION = YES;
				CLANG_WARN_INT_CONVERSION = YES;
				CLANG_WARN_NON_LITERAL_NULL_CONVERSION = YES;
				CLANG_WARN_OBJC_IMPLICIT_RETAIN_SELF = YES;
				CLANG_WARN_OBJC_LITERAL_CONVERSION = YES;
				CLANG_WARN_OBJC_ROOT_CLASS = YES_ERROR;
				CLANG_WARN_QUOTED_INCLUDE_IN_FRAMEWORK_HEADER = YES;
				CLANG_WARN_RANGE_LOOP_ANALYSIS = YES;
				CLANG_WARN_STRICT_PROTOTYPES = YES;
				CLANG_WARN_SUSPICIOUS_MOVE = YES;
				CLANG_WARN_UNGUARDED_AVAILABILITY = YES_AGGRESSIVE;
				CLANG_WARN_UNREACHABLE_CODE = YES;
				CLANG_WARN__DUPLICATE_METHOD_MATCH = YES;
				COPY_PHASE_STRIP = NO;
				DEBUG_INFORMATION_FORMAT = dwarf;
				ENABLE_STRICT_OBJC_MSGSEND = YES;
				ENABLE_TESTABILITY = YES;
				ENABLE_USER_SCRIPT_SANDBOXING = YES;
				GCC_C_LANGUAGE_STANDARD = gnu17;
				GCC_DYNAMIC_NO_PIC = NO;
				GCC_NO_COMMON_BLOCKS = YES;
				GCC_OPTIMIZATION_LEVEL = 0;
				GCC_PREPROCESSOR_DEFINITIONS = (
					"DEBUG=1",
					"$(inherited)",
				);
				GCC_WARN_64_TO_32_BIT_CONVERSION = YES;
				GCC_WARN_ABOUT_RETURN_TYPE = YES_ERROR;
				GCC_WARN_UNDECLARED_SELECTOR = YES;
				GCC_WARN_UNINITIALIZED_AUTOS = YES_AGGRESSIVE;
				GCC_WARN_UNUSED_FUNCTION = YES;
				GCC_WARN_UNUSED_VARIABLE = YES;
				LOCALIZATION_PREFERS_STRING_CATALOGS = YES;
				MTL_ENABLE_DEBUG_INFO = INCLUDE_SOURCE;
				MTL_FAST_MATH = YES;
				ONLY_ACTIVE_ARCH = YES;
				SWIFT_ACTIVE_COMPILATION_CONDITIONS = "DEBUG $(inherited)";
				SWIFT_OPTIMIZATION_LEVEL = "-Onone";
			};
			name = Debug;
		};
		50FDE6D12B3517A30036AAD3 /* Release */ = {
			isa = XCBuildConfiguration;
			buildSettings = {
				ALWAYS_SEARCH_USER_PATHS = NO;
				ASSETCATALOG_COMPILER_GENERATE_SWIFT_ASSET_SYMBOL_EXTENSIONS = YES;
				CLANG_ANALYZER_NONNULL = YES;
				CLANG_ANALYZER_NUMBER_OBJECT_CONVERSION = YES_AGGRESSIVE;
				CLANG_CXX_LANGUAGE_STANDARD = "gnu++20";
				CLANG_ENABLE_MODULES = YES;
				CLANG_ENABLE_OBJC_ARC = YES;
				CLANG_ENABLE_OBJC_WEAK = YES;
				CLANG_WARN_BLOCK_CAPTURE_AUTORELEASING = YES;
				CLANG_WARN_BOOL_CONVERSION = YES;
				CLANG_WARN_COMMA = YES;
				CLANG_WARN_CONSTANT_CONVERSION = YES;
				CLANG_WARN_DEPRECATED_OBJC_IMPLEMENTATIONS = YES;
				CLANG_WARN_DIRECT_OBJC_ISA_USAGE = YES_ERROR;
				CLANG_WARN_DOCUMENTATION_COMMENTS = YES;
				CLANG_WARN_EMPTY_BODY = YES;
				CLANG_WARN_ENUM_CONVERSION = YES;
				CLANG_WARN_INFINITE_RECURSION = YES;
				CLANG_WARN_INT_CONVERSION = YES;
				CLANG_WARN_NON_LITERAL_NULL_CONVERSION = YES;
				CLANG_WARN_OBJC_IMPLICIT_RETAIN_SELF = YES;
				CLANG_WARN_OBJC_LITERAL_CONVERSION = YES;
				CLANG_WARN_OBJC_ROOT_CLASS = YES_ERROR;
				CLANG_WARN_QUOTED_INCLUDE_IN_FRAMEWORK_HEADER = YES;
				CLANG_WARN_RANGE_LOOP_ANALYSIS = YES;
				CLANG_WARN_STRICT_PROTOTYPES = YES;
				CLANG_WARN_SUSPICIOUS_MOVE = YES;
				CLANG_WARN_UNGUARDED_AVAILABILITY = YES_AGGRESSIVE;
				CLANG_WARN_UNREACHABLE_CODE = YES;
				CLANG_WARN__DUPLICATE_METHOD_MATCH = YES;
				COPY_PHASE_STRIP = NO;
				DEBUG_INFORMATION_FORMAT = "dwarf-with-dsym";
				ENABLE_NS_ASSERTIONS = NO;
				ENABLE_STRICT_OBJC_MSGSEND = YES;
				ENABLE_USER_SCRIPT_SANDBOXING = YES;
				GCC_C_LANGUAGE_STANDARD = gnu17;
				GCC_NO_COMMON_BLOCKS = YES;
				GCC_WARN_64_TO_32_BIT_CONVERSION = YES;
				GCC_WARN_ABOUT_RETURN_TYPE = YES_ERROR;
				GCC_WARN_UNDECLARED_SELECTOR = YES;
				GCC_WARN_UNINITIALIZED_AUTOS = YES_AGGRESSIVE;
				GCC_WARN_UNUSED_FUNCTION = YES;
				GCC_WARN_UNUSED_VARIABLE = YES;
				LOCALIZATION_PREFERS_STRING_CATALOGS = YES;
				MTL_ENABLE_DEBUG_INFO = NO;
				MTL_FAST_MATH = YES;
				SWIFT_COMPILATION_MODE = wholemodule;
			};
			name = Release;
		};
		50FDE6D32B3517A30036AAD3 /* Debug */ = {
			isa = XCBuildConfiguration;
			buildSettings = {
				ASSETCATALOG_COMPILER_APPICON_NAME = AppIcon;
				ASSETCATALOG_COMPILER_GLOBAL_ACCENT_COLOR_NAME = AccentColor;
				CODE_SIGN_ENTITLEMENTS = "API-swift/API_swift.entitlements";
				CODE_SIGN_STYLE = Automatic;
				CURRENT_PROJECT_VERSION = 1;
				DEVELOPMENT_ASSET_PATHS = "\"API-swift/Preview Content\"";
				ENABLE_PREVIEWS = YES;
				GENERATE_INFOPLIST_FILE = YES;
				"INFOPLIST_KEY_UIApplicationSceneManifest_Generation[sdk=iphoneos*]" = YES;
				"INFOPLIST_KEY_UIApplicationSceneManifest_Generation[sdk=iphonesimulator*]" = YES;
				"INFOPLIST_KEY_UIApplicationSupportsIndirectInputEvents[sdk=iphoneos*]" = YES;
				"INFOPLIST_KEY_UIApplicationSupportsIndirectInputEvents[sdk=iphonesimulator*]" = YES;
				"INFOPLIST_KEY_UILaunchScreen_Generation[sdk=iphoneos*]" = YES;
				"INFOPLIST_KEY_UILaunchScreen_Generation[sdk=iphonesimulator*]" = YES;
				"INFOPLIST_KEY_UIStatusBarStyle[sdk=iphoneos*]" = UIStatusBarStyleDefault;
				"INFOPLIST_KEY_UIStatusBarStyle[sdk=iphonesimulator*]" = UIStatusBarStyleDefault;
				INFOPLIST_KEY_UISupportedInterfaceOrientations_iPad = "UIInterfaceOrientationPortrait UIInterfaceOrientationPortraitUpsideDown UIInterfaceOrientationLandscapeLeft UIInterfaceOrientationLandscapeRight";
				INFOPLIST_KEY_UISupportedInterfaceOrientations_iPhone = "UIInterfaceOrientationPortrait UIInterfaceOrientationLandscapeLeft UIInterfaceOrientationLandscapeRight";
				IPHONEOS_DEPLOYMENT_TARGET = 17.2;
				LD_RUNPATH_SEARCH_PATHS = "@executable_path/Frameworks";
				"LD_RUNPATH_SEARCH_PATHS[sdk=macosx*]" = "@executable_path/../Frameworks";
				MACOSX_DEPLOYMENT_TARGET = 14.2;
				MARKETING_VERSION = 1.0;
				PRODUCT_BUNDLE_IDENTIFIER = "hana.API-swift";
				PRODUCT_NAME = "$(TARGET_NAME)";
				SDKROOT = auto;
				SUPPORTED_PLATFORMS = "iphoneos iphonesimulator macosx";
				SWIFT_EMIT_LOC_STRINGS = YES;
				SWIFT_VERSION = 5.0;
				TARGETED_DEVICE_FAMILY = "1,2";
			};
			name = Debug;
		};
		50FDE6D42B3517A30036AAD3 /* Release */ = {
			isa = XCBuildConfiguration;
			buildSettings = {
				ASSETCATALOG_COMPILER_APPICON_NAME = AppIcon;
				ASSETCATALOG_COMPILER_GLOBAL_ACCENT_COLOR_NAME = AccentColor;
				CODE_SIGN_ENTITLEMENTS = "API-swift/API_swift.entitlements";
				CODE_SIGN_STYLE = Automatic;
				CURRENT_PROJECT_VERSION = 1;
				DEVELOPMENT_ASSET_PATHS = "\"API-swift/Preview Content\"";
				ENABLE_PREVIEWS = YES;
				GENERATE_INFOPLIST_FILE = YES;
				"INFOPLIST_KEY_UIApplicationSceneManifest_Generation[sdk=iphoneos*]" = YES;
				"INFOPLIST_KEY_UIApplicationSceneManifest_Generation[sdk=iphonesimulator*]" = YES;
				"INFOPLIST_KEY_UIApplicationSupportsIndirectInputEvents[sdk=iphoneos*]" = YES;
				"INFOPLIST_KEY_UIApplicationSupportsIndirectInputEvents[sdk=iphonesimulator*]" = YES;
				"INFOPLIST_KEY_UILaunchScreen_Generation[sdk=iphoneos*]" = YES;
				"INFOPLIST_KEY_UILaunchScreen_Generation[sdk=iphonesimulator*]" = YES;
				"INFOPLIST_KEY_UIStatusBarStyle[sdk=iphoneos*]" = UIStatusBarStyleDefault;
				"INFOPLIST_KEY_UIStatusBarStyle[sdk=iphonesimulator*]" = UIStatusBarStyleDefault;
				INFOPLIST_KEY_UISupportedInterfaceOrientations_iPad = "UIInterfaceOrientationPortrait UIInterfaceOrientationPortraitUpsideDown UIInterfaceOrientationLandscapeLeft UIInterfaceOrientationLandscapeRight";
				INFOPLIST_KEY_UISupportedInterfaceOrientations_iPhone = "UIInterfaceOrientationPortrait UIInterfaceOrientationLandscapeLeft UIInterfaceOrientationLandscapeRight";
				IPHONEOS_DEPLOYMENT_TARGET = 17.2;
				LD_RUNPATH_SEARCH_PATHS = "@executable_path/Frameworks";
				"LD_RUNPATH_SEARCH_PATHS[sdk=macosx*]" = "@executable_path/../Frameworks";
				MACOSX_DEPLOYMENT_TARGET = 14.2;
				MARKETING_VERSION = 1.0;
				PRODUCT_BUNDLE_IDENTIFIER = "hana.API-swift";
				PRODUCT_NAME = "$(TARGET_NAME)";
				SDKROOT = auto;
				SUPPORTED_PLATFORMS = "iphoneos iphonesimulator macosx";
				SWIFT_EMIT_LOC_STRINGS = YES;
				SWIFT_VERSION = 5.0;
				TARGETED_DEVICE_FAMILY = "1,2";
			};
			name = Release;
		};
		50FDE6D62B3517A30036AAD3 /* Debug */ = {
			isa = XCBuildConfiguration;
			buildSettings = {
				ALWAYS_EMBED_SWIFT_STANDARD_LIBRARIES = YES;
				BUNDLE_LOADER = "$(TEST_HOST)";
				CODE_SIGN_STYLE = Automatic;
				CURRENT_PROJECT_VERSION = 1;
				GENERATE_INFOPLIST_FILE = YES;
				IPHONEOS_DEPLOYMENT_TARGET = 17.2;
				MACOSX_DEPLOYMENT_TARGET = 14.2;
				MARKETING_VERSION = 1.0;
				PRODUCT_BUNDLE_IDENTIFIER = "hana.API-swiftTests";
				PRODUCT_NAME = "$(TARGET_NAME)";
				SDKROOT = auto;
				SUPPORTED_PLATFORMS = "iphoneos iphonesimulator macosx";
				SWIFT_EMIT_LOC_STRINGS = NO;
				SWIFT_VERSION = 5.0;
				TARGETED_DEVICE_FAMILY = "1,2";
				TEST_HOST = "$(BUILT_PRODUCTS_DIR)/API-swift.app/$(BUNDLE_EXECUTABLE_FOLDER_PATH)/API-swift";
			};
			name = Debug;
		};
		50FDE6D72B3517A30036AAD3 /* Release */ = {
			isa = XCBuildConfiguration;
			buildSettings = {
				ALWAYS_EMBED_SWIFT_STANDARD_LIBRARIES = YES;
				BUNDLE_LOADER = "$(TEST_HOST)";
				CODE_SIGN_STYLE = Automatic;
				CURRENT_PROJECT_VERSION = 1;
				GENERATE_INFOPLIST_FILE = YES;
				IPHONEOS_DEPLOYMENT_TARGET = 17.2;
				MACOSX_DEPLOYMENT_TARGET = 14.2;
				MARKETING_VERSION = 1.0;
				PRODUCT_BUNDLE_IDENTIFIER = "hana.API-swiftTests";
				PRODUCT_NAME = "$(TARGET_NAME)";
				SDKROOT = auto;
				SUPPORTED_PLATFORMS = "iphoneos iphonesimulator macosx";
				SWIFT_EMIT_LOC_STRINGS = NO;
				SWIFT_VERSION = 5.0;
				TARGETED_DEVICE_FAMILY = "1,2";
				TEST_HOST = "$(BUILT_PRODUCTS_DIR)/API-swift.app/$(BUNDLE_EXECUTABLE_FOLDER_PATH)/API-swift";
			};
			name = Release;
		};
		50FDE6D92B3517A30036AAD3 /* Debug */ = {
			isa = XCBuildConfiguration;
			buildSettings = {
				ALWAYS_EMBED_SWIFT_STANDARD_LIBRARIES = YES;
				CODE_SIGN_STYLE = Automatic;
				CURRENT_PROJECT_VERSION = 1;
				GENERATE_INFOPLIST_FILE = YES;
				IPHONEOS_DEPLOYMENT_TARGET = 17.2;
				MACOSX_DEPLOYMENT_TARGET = 14.2;
				MARKETING_VERSION = 1.0;
				PRODUCT_BUNDLE_IDENTIFIER = "hana.API-swiftUITests";
				PRODUCT_NAME = "$(TARGET_NAME)";
				SDKROOT = auto;
				SUPPORTED_PLATFORMS = "iphoneos iphonesimulator macosx";
				SWIFT_EMIT_LOC_STRINGS = NO;
				SWIFT_VERSION = 5.0;
				TARGETED_DEVICE_FAMILY = "1,2";
				TEST_TARGET_NAME = "API-swift";
			};
			name = Debug;
		};
		50FDE6DA2B3517A30036AAD3 /* Release */ = {
			isa = XCBuildConfiguration;
			buildSettings = {
				ALWAYS_EMBED_SWIFT_STANDARD_LIBRARIES = YES;
				CODE_SIGN_STYLE = Automatic;
				CURRENT_PROJECT_VERSION = 1;
				GENERATE_INFOPLIST_FILE = YES;
				IPHONEOS_DEPLOYMENT_TARGET = 17.2;
				MACOSX_DEPLOYMENT_TARGET = 14.2;
				MARKETING_VERSION = 1.0;
				PRODUCT_BUNDLE_IDENTIFIER = "hana.API-swiftUITests";
				PRODUCT_NAME = "$(TARGET_NAME)";
				SDKROOT = auto;
				SUPPORTED_PLATFORMS = "iphoneos iphonesimulator macosx";
				SWIFT_EMIT_LOC_STRINGS = NO;
				SWIFT_VERSION = 5.0;
				TARGETED_DEVICE_FAMILY = "1,2";
				TEST_TARGET_NAME = "API-swift";
			};
			name = Release;
		};
/* End XCBuildConfiguration section */

/* Begin XCConfigurationList section */
		50FDE6A82B35179E0036AAD3 /* Build configuration list for PBXProject "API-swift" */ = {
			isa = XCConfigurationList;
			buildConfigurations = (
				50FDE6D02B3517A30036AAD3 /* Debug */,
				50FDE6D12B3517A30036AAD3 /* Release */,
			);
			defaultConfigurationIsVisible = 0;
			defaultConfigurationName = Release;
		};
		50FDE6D22B3517A30036AAD3 /* Build configuration list for PBXNativeTarget "API-swift" */ = {
			isa = XCConfigurationList;
			buildConfigurations = (
				50FDE6D32B3517A30036AAD3 /* Debug */,
				50FDE6D42B3517A30036AAD3 /* Release */,
			);
			defaultConfigurationIsVisible = 0;
			defaultConfigurationName = Release;
		};
		50FDE6D52B3517A30036AAD3 /* Build configuration list for PBXNativeTarget "API-swiftTests" */ = {
			isa = XCConfigurationList;
			buildConfigurations = (
				50FDE6D62B3517A30036AAD3 /* Debug */,
				50FDE6D72B3517A30036AAD3 /* Release */,
			);
			defaultConfigurationIsVisible = 0;
			defaultConfigurationName = Release;
		};
		50FDE6D82B3517A30036AAD3 /* Build configuration list for PBXNativeTarget "API-swiftUITests" */ = {
			isa = XCConfigurationList;
			buildConfigurations = (
				50FDE6D92B3517A30036AAD3 /* Debug */,
				50FDE6DA2B3517A30036AAD3 /* Release */,
			);
			defaultConfigurationIsVisible = 0;
			defaultConfigurationName = Release;
		};
/* End XCConfigurationList section */
	};
	rootObject = 50FDE6A52B35179E0036AAD3 /* Project object */;
}
